// !$*UTF8*$!
{
	archiveVersion = 1;
	classes = {
	};
	objectVersion = 46;
	objects = {

/* Begin PBXBuildFile section */
		2C1738601C3F8E7E00909E53 /* libXMLDataAnalysis.a in Frameworks */ = {isa = PBXBuildFile; fileRef = 2C17385F1C3F8E7E00909E53 /* libXMLDataAnalysis.a */; };
		2C1738621C3F8E8500909E53 /* libxml2.tbd in Frameworks */ = {isa = PBXBuildFile; fileRef = 2C1738611C3F8E8500909E53 /* libxml2.tbd */; };
		2C4508711C252E4500361758 /* main.m in Sources */ = {isa = PBXBuildFile; fileRef = 2C4508701C252E4500361758 /* main.m */; };
		2C4508741C252E4500361758 /* AppDelegate.m in Sources */ = {isa = PBXBuildFile; fileRef = 2C4508731C252E4500361758 /* AppDelegate.m */; };
		2C4508771C252E4500361758 /* ViewController.m in Sources */ = {isa = PBXBuildFile; fileRef = 2C4508761C252E4500361758 /* ViewController.m */; };
		2C45087A1C252E4500361758 /* Main.storyboard in Resources */ = {isa = PBXBuildFile; fileRef = 2C4508781C252E4500361758 /* Main.storyboard */; };
		2C45087C1C252E4500361758 /* Assets.xcassets in Resources */ = {isa = PBXBuildFile; fileRef = 2C45087B1C252E4500361758 /* Assets.xcassets */; };
		2C45087F1C252E4500361758 /* LaunchScreen.storyboard in Resources */ = {isa = PBXBuildFile; fileRef = 2C45087D1C252E4500361758 /* LaunchScreen.storyboard */; };
		2C45088A1C252E4500361758 /* NewMingCodeLibraryTests.m in Sources */ = {isa = PBXBuildFile; fileRef = 2C4508891C252E4500361758 /* NewMingCodeLibraryTests.m */; };
		2C4508951C252E4500361758 /* NewMingCodeLibraryUITests.m in Sources */ = {isa = PBXBuildFile; fileRef = 2C4508941C252E4500361758 /* NewMingCodeLibraryUITests.m */; };
		2CFBC9711C3AA59000E891F1 /* libBaseModelLibrary.a in Frameworks */ = {isa = PBXBuildFile; fileRef = 2CFBC96E1C3AA59000E891F1 /* libBaseModelLibrary.a */; };
		2CFBC9721C3AA59000E891F1 /* libHTTPRequestLibrary.a in Frameworks */ = {isa = PBXBuildFile; fileRef = 2CFBC96F1C3AA59000E891F1 /* libHTTPRequestLibrary.a */; };
		2CFBC9731C3AA59000E891F1 /* libNetWorkConfiguration.a in Frameworks */ = {isa = PBXBuildFile; fileRef = 2CFBC9701C3AA59000E891F1 /* libNetWorkConfiguration.a */; };
/* End PBXBuildFile section */

/* Begin PBXContainerItemProxy section */
		2C4508861C252E4500361758 /* PBXContainerItemProxy */ = {
			isa = PBXContainerItemProxy;
			containerPortal = 2C4508641C252E4500361758 /* Project object */;
			proxyType = 1;
			remoteGlobalIDString = 2C45086B1C252E4500361758;
			remoteInfo = NewMingCodeLibrary;
		};
		2C4508911C252E4500361758 /* PBXContainerItemProxy */ = {
			isa = PBXContainerItemProxy;
			containerPortal = 2C4508641C252E4500361758 /* Project object */;
			proxyType = 1;
			remoteGlobalIDString = 2C45086B1C252E4500361758;
			remoteInfo = NewMingCodeLibrary;
		};
/* End PBXContainerItemProxy section */

/* Begin PBXFileReference section */
		2C1738591C3F5D2D00909E53 /* NewMingCodeLibrary.debug.xcconfig */ = {isa = PBXFileReference; lastKnownFileType = text.xcconfig; path = NewMingCodeLibrary.debug.xcconfig; sourceTree = "<group>"; };
		2C17385A1C3F5D3D00909E53 /* NewMingCodeLibrary.release.xcconfig */ = {isa = PBXFileReference; lastKnownFileType = text.xcconfig; path = NewMingCodeLibrary.release.xcconfig; sourceTree = "<group>"; };
		2C17385F1C3F8E7E00909E53 /* libXMLDataAnalysis.a */ = {isa = PBXFileReference; lastKnownFileType = archive.ar; name = libXMLDataAnalysis.a; path = "../XMLDataAnalysis/build/Debug-iphoneos/libXMLDataAnalysis.a"; sourceTree = "<group>"; };
		2C1738611C3F8E8500909E53 /* libxml2.tbd */ = {isa = PBXFileReference; lastKnownFileType = "sourcecode.text-based-dylib-definition"; name = libxml2.tbd; path = usr/lib/libxml2.tbd; sourceTree = SDKROOT; };
		2C45086C1C252E4500361758 /* NewMingCodeLibrary.app */ = {isa = PBXFileReference; explicitFileType = wrapper.application; includeInIndex = 0; path = NewMingCodeLibrary.app; sourceTree = BUILT_PRODUCTS_DIR; };
		2C4508701C252E4500361758 /* main.m */ = {isa = PBXFileReference; lastKnownFileType = sourcecode.c.objc; path = main.m; sourceTree = "<group>"; };
		2C4508721C252E4500361758 /* AppDelegate.h */ = {isa = PBXFileReference; lastKnownFileType = sourcecode.c.h; path = AppDelegate.h; sourceTree = "<group>"; };
		2C4508731C252E4500361758 /* AppDelegate.m */ = {isa = PBXFileReference; lastKnownFileType = sourcecode.c.objc; path = AppDelegate.m; sourceTree = "<group>"; };
		2C4508751C252E4500361758 /* ViewController.h */ = {isa = PBXFileReference; lastKnownFileType = sourcecode.c.h; path = ViewController.h; sourceTree = "<group>"; };
		2C4508761C252E4500361758 /* ViewController.m */ = {isa = PBXFileReference; lastKnownFileType = sourcecode.c.objc; path = ViewController.m; sourceTree = "<group>"; };
		2C4508791C252E4500361758 /* Base */ = {isa = PBXFileReference; lastKnownFileType = file.storyboard; name = Base; path = Base.lproj/Main.storyboard; sourceTree = "<group>"; };
		2C45087B1C252E4500361758 /* Assets.xcassets */ = {isa = PBXFileReference; lastKnownFileType = folder.assetcatalog; path = Assets.xcassets; sourceTree = "<group>"; };
		2C45087E1C252E4500361758 /* Base */ = {isa = PBXFileReference; lastKnownFileType = file.storyboard; name = Base; path = Base.lproj/LaunchScreen.storyboard; sourceTree = "<group>"; };
		2C4508801C252E4500361758 /* Info.plist */ = {isa = PBXFileReference; lastKnownFileType = text.plist.xml; path = Info.plist; sourceTree = "<group>"; };
		2C4508851C252E4500361758 /* NewMingCodeLibraryTests.xctest */ = {isa = PBXFileReference; explicitFileType = wrapper.cfbundle; includeInIndex = 0; path = NewMingCodeLibraryTests.xctest; sourceTree = BUILT_PRODUCTS_DIR; };
		2C4508891C252E4500361758 /* NewMingCodeLibraryTests.m */ = {isa = PBXFileReference; lastKnownFileType = sourcecode.c.objc; path = NewMingCodeLibraryTests.m; sourceTree = "<group>"; };
		2C45088B1C252E4500361758 /* Info.plist */ = {isa = PBXFileReference; lastKnownFileType = text.plist.xml; path = Info.plist; sourceTree = "<group>"; };
		2C4508901C252E4500361758 /* NewMingCodeLibraryUITests.xctest */ = {isa = PBXFileReference; explicitFileType = wrapper.cfbundle; includeInIndex = 0; path = NewMingCodeLibraryUITests.xctest; sourceTree = BUILT_PRODUCTS_DIR; };
		2C4508941C252E4500361758 /* NewMingCodeLibraryUITests.m */ = {isa = PBXFileReference; lastKnownFileType = sourcecode.c.objc; path = NewMingCodeLibraryUITests.m; sourceTree = "<group>"; };
		2C4508961C252E4500361758 /* Info.plist */ = {isa = PBXFileReference; lastKnownFileType = text.plist.xml; path = Info.plist; sourceTree = "<group>"; };
		2CFBC96E1C3AA59000E891F1 /* libBaseModelLibrary.a */ = {isa = PBXFileReference; lastKnownFileType = archive.ar; name = libBaseModelLibrary.a; path = "../BaseModelLibrary/build/Release-iphoneos/libBaseModelLibrary.a"; sourceTree = "<group>"; };
		2CFBC96F1C3AA59000E891F1 /* libHTTPRequestLibrary.a */ = {isa = PBXFileReference; lastKnownFileType = archive.ar; name = libHTTPRequestLibrary.a; path = "../../../Users/fanming/Library/Developer/Xcode/DerivedData/NewMingCodeLibrary-bgbiunsgboqftbgvrqyhvcziudwy/Build/Products/Release-iphoneos/libHTTPRequestLibrary.a"; sourceTree = "<group>"; };
		2CFBC9701C3AA59000E891F1 /* libNetWorkConfiguration.a */ = {isa = PBXFileReference; lastKnownFileType = archive.ar; name = libNetWorkConfiguration.a; path = "../../../Users/fanming/Library/Developer/Xcode/DerivedData/NewMingCodeLibrary-bgbiunsgboqftbgvrqyhvcziudwy/Build/Products/Release-iphoneos/libNetWorkConfiguration.a"; sourceTree = "<group>"; };
/* End PBXFileReference section */

/* Begin PBXFrameworksBuildPhase section */
		2C4508691C252E4500361758 /* Frameworks */ = {
			isa = PBXFrameworksBuildPhase;
			buildActionMask = 2147483647;
			files = (
				2C1738621C3F8E8500909E53 /* libxml2.tbd in Frameworks */,
				2C1738601C3F8E7E00909E53 /* libXMLDataAnalysis.a in Frameworks */,
				2CFBC9711C3AA59000E891F1 /* libBaseModelLibrary.a in Frameworks */,
				2CFBC9721C3AA59000E891F1 /* libHTTPRequestLibrary.a in Frameworks */,
				2CFBC9731C3AA59000E891F1 /* libNetWorkConfiguration.a in Frameworks */,
			);
			runOnlyForDeploymentPostprocessing = 0;
		};
		2C4508821C252E4500361758 /* Frameworks */ = {
			isa = PBXFrameworksBuildPhase;
			buildActionMask = 2147483647;
			files = (
			);
			runOnlyForDeploymentPostprocessing = 0;
		};
		2C45088D1C252E4500361758 /* Frameworks */ = {
			isa = PBXFrameworksBuildPhase;
			buildActionMask = 2147483647;
			files = (
			);
			runOnlyForDeploymentPostprocessing = 0;
		};
/* End PBXFrameworksBuildPhase section */

/* Begin PBXGroup section */
		2C1738581C3F5D1200909E53 /* Configuration */ = {
			isa = PBXGroup;
			children = (
				2C1738591C3F5D2D00909E53 /* NewMingCodeLibrary.debug.xcconfig */,
				2C17385A1C3F5D3D00909E53 /* NewMingCodeLibrary.release.xcconfig */,
			);
			name = Configuration;
			path = NewMingCodeLibrary/Configuration;
			sourceTree = "<group>";
		};
		2C4508631C252E4500361758 = {
			isa = PBXGroup;
			children = (
				2C1738611C3F8E8500909E53 /* libxml2.tbd */,
				2C17385F1C3F8E7E00909E53 /* libXMLDataAnalysis.a */,
				2C1738581C3F5D1200909E53 /* Configuration */,
				2CFBC96E1C3AA59000E891F1 /* libBaseModelLibrary.a */,
				2CFBC96F1C3AA59000E891F1 /* libHTTPRequestLibrary.a */,
				2CFBC9701C3AA59000E891F1 /* libNetWorkConfiguration.a */,
				2C45086E1C252E4500361758 /* NewMingCodeLibrary */,
				2C4508881C252E4500361758 /* NewMingCodeLibraryTests */,
				2C4508931C252E4500361758 /* NewMingCodeLibraryUITests */,
				2C45086D1C252E4500361758 /* Products */,
			);
			sourceTree = "<group>";
		};
		2C45086D1C252E4500361758 /* Products */ = {
			isa = PBXGroup;
			children = (
				2C45086C1C252E4500361758 /* NewMingCodeLibrary.app */,
				2C4508851C252E4500361758 /* NewMingCodeLibraryTests.xctest */,
				2C4508901C252E4500361758 /* NewMingCodeLibraryUITests.xctest */,
			);
			name = Products;
			sourceTree = "<group>";
		};
		2C45086E1C252E4500361758 /* NewMingCodeLibrary */ = {
			isa = PBXGroup;
			children = (
				2C4508721C252E4500361758 /* AppDelegate.h */,
				2C4508731C252E4500361758 /* AppDelegate.m */,
				2C4508751C252E4500361758 /* ViewController.h */,
				2C4508761C252E4500361758 /* ViewController.m */,
				2C4508781C252E4500361758 /* Main.storyboard */,
				2C45087B1C252E4500361758 /* Assets.xcassets */,
				2C45087D1C252E4500361758 /* LaunchScreen.storyboard */,
				2C4508801C252E4500361758 /* Info.plist */,
				2C45086F1C252E4500361758 /* Supporting Files */,
			);
			path = NewMingCodeLibrary;
			sourceTree = "<group>";
		};
		2C45086F1C252E4500361758 /* Supporting Files */ = {
			isa = PBXGroup;
			children = (
				2C4508701C252E4500361758 /* main.m */,
			);
			name = "Supporting Files";
			sourceTree = "<group>";
		};
		2C4508881C252E4500361758 /* NewMingCodeLibraryTests */ = {
			isa = PBXGroup;
			children = (
				2C4508891C252E4500361758 /* NewMingCodeLibraryTests.m */,
				2C45088B1C252E4500361758 /* Info.plist */,
			);
			path = NewMingCodeLibraryTests;
			sourceTree = "<group>";
		};
		2C4508931C252E4500361758 /* NewMingCodeLibraryUITests */ = {
			isa = PBXGroup;
			children = (
				2C4508941C252E4500361758 /* NewMingCodeLibraryUITests.m */,
				2C4508961C252E4500361758 /* Info.plist */,
			);
			path = NewMingCodeLibraryUITests;
			sourceTree = "<group>";
		};
/* End PBXGroup section */

/* Begin PBXNativeTarget section */
		2C45086B1C252E4500361758 /* NewMingCodeLibrary */ = {
			isa = PBXNativeTarget;
			buildConfigurationList = 2C4508991C252E4500361758 /* Build configuration list for PBXNativeTarget "NewMingCodeLibrary" */;
			buildPhases = (
				2C4508681C252E4500361758 /* Sources */,
				2C4508691C252E4500361758 /* Frameworks */,
				2C45086A1C252E4500361758 /* Resources */,
			);
			buildRules = (
			);
			dependencies = (
			);
			name = NewMingCodeLibrary;
			productName = NewMingCodeLibrary;
			productReference = 2C45086C1C252E4500361758 /* NewMingCodeLibrary.app */;
			productType = "com.apple.product-type.application";
		};
		2C4508841C252E4500361758 /* NewMingCodeLibraryTests */ = {
			isa = PBXNativeTarget;
			buildConfigurationList = 2C45089C1C252E4500361758 /* Build configuration list for PBXNativeTarget "NewMingCodeLibraryTests" */;
			buildPhases = (
				2C4508811C252E4500361758 /* Sources */,
				2C4508821C252E4500361758 /* Frameworks */,
				2C4508831C252E4500361758 /* Resources */,
			);
			buildRules = (
			);
			dependencies = (
				2C4508871C252E4500361758 /* PBXTargetDependency */,
			);
			name = NewMingCodeLibraryTests;
			productName = NewMingCodeLibraryTests;
			productReference = 2C4508851C252E4500361758 /* NewMingCodeLibraryTests.xctest */;
			productType = "com.apple.product-type.bundle.unit-test";
		};
		2C45088F1C252E4500361758 /* NewMingCodeLibraryUITests */ = {
			isa = PBXNativeTarget;
			buildConfigurationList = 2C45089F1C252E4500361758 /* Build configuration list for PBXNativeTarget "NewMingCodeLibraryUITests" */;
			buildPhases = (
				2C45088C1C252E4500361758 /* Sources */,
				2C45088D1C252E4500361758 /* Frameworks */,
				2C45088E1C252E4500361758 /* Resources */,
			);
			buildRules = (
			);
			dependencies = (
				2C4508921C252E4500361758 /* PBXTargetDependency */,
			);
			name = NewMingCodeLibraryUITests;
			productName = NewMingCodeLibraryUITests;
			productReference = 2C4508901C252E4500361758 /* NewMingCodeLibraryUITests.xctest */;
			productType = "com.apple.product-type.bundle.ui-testing";
		};
/* End PBXNativeTarget section */

/* Begin PBXProject section */
		2C4508641C252E4500361758 /* Project object */ = {
			isa = PBXProject;
			attributes = {
				LastUpgradeCheck = 0720;
				ORGANIZATIONNAME = "Guangzhou Ligo Information Technology Co.,Ltd";
				TargetAttributes = {
					2C45086B1C252E4500361758 = {
						CreatedOnToolsVersion = 7.2;
					};
					2C4508841C252E4500361758 = {
						CreatedOnToolsVersion = 7.2;
						TestTargetID = 2C45086B1C252E4500361758;
					};
					2C45088F1C252E4500361758 = {
						CreatedOnToolsVersion = 7.2;
						TestTargetID = 2C45086B1C252E4500361758;
					};
				};
			};
			buildConfigurationList = 2C4508671C252E4500361758 /* Build configuration list for PBXProject "NewMingCodeLibrary" */;
			compatibilityVersion = "Xcode 3.2";
			developmentRegion = English;
			hasScannedForEncodings = 0;
			knownRegions = (
				en,
				Base,
			);
			mainGroup = 2C4508631C252E4500361758;
			productRefGroup = 2C45086D1C252E4500361758 /* Products */;
			projectDirPath = "";
			projectRoot = "";
			targets = (
				2C45086B1C252E4500361758 /* NewMingCodeLibrary */,
				2C4508841C252E4500361758 /* NewMingCodeLibraryTests */,
				2C45088F1C252E4500361758 /* NewMingCodeLibraryUITests */,
			);
		};
/* End PBXProject section */

/* Begin PBXResourcesBuildPhase section */
		2C45086A1C252E4500361758 /* Resources */ = {
			isa = PBXResourcesBuildPhase;
			buildActionMask = 2147483647;
			files = (
				2C45087F1C252E4500361758 /* LaunchScreen.storyboard in Resources */,
				2C45087C1C252E4500361758 /* Assets.xcassets in Resources */,
				2C45087A1C252E4500361758 /* Main.storyboard in Resources */,
			);
			runOnlyForDeploymentPostprocessing = 0;
		};
		2C4508831C252E4500361758 /* Resources */ = {
			isa = PBXResourcesBuildPhase;
			buildActionMask = 2147483647;
			files = (
			);
			runOnlyForDeploymentPostprocessing = 0;
		};
		2C45088E1C252E4500361758 /* Resources */ = {
			isa = PBXResourcesBuildPhase;
			buildActionMask = 2147483647;
			files = (
			);
			runOnlyForDeploymentPostprocessing = 0;
		};
/* End PBXResourcesBuildPhase section */

/* Begin PBXSourcesBuildPhase section */
		2C4508681C252E4500361758 /* Sources */ = {
			isa = PBXSourcesBuildPhase;
			buildActionMask = 2147483647;
			files = (
				2C4508771C252E4500361758 /* ViewController.m in Sources */,
				2C4508741C252E4500361758 /* AppDelegate.m in Sources */,
				2C4508711C252E4500361758 /* main.m in Sources */,
			);
			runOnlyForDeploymentPostprocessing = 0;
		};
		2C4508811C252E4500361758 /* Sources */ = {
			isa = PBXSourcesBuildPhase;
			buildActionMask = 2147483647;
			files = (
				2C45088A1C252E4500361758 /* NewMingCodeLibraryTests.m in Sources */,
			);
			runOnlyForDeploymentPostprocessing = 0;
		};
		2C45088C1C252E4500361758 /* Sources */ = {
			isa = PBXSourcesBuildPhase;
			buildActionMask = 2147483647;
			files = (
				2C4508951C252E4500361758 /* NewMingCodeLibraryUITests.m in Sources */,
			);
			runOnlyForDeploymentPostprocessing = 0;
		};
/* End PBXSourcesBuildPhase section */

/* Begin PBXTargetDependency section */
		2C4508871C252E4500361758 /* PBXTargetDependency */ = {
			isa = PBXTargetDependency;
			target = 2C45086B1C252E4500361758 /* NewMingCodeLibrary */;
			targetProxy = 2C4508861C252E4500361758 /* PBXContainerItemProxy */;
		};
		2C4508921C252E4500361758 /* PBXTargetDependency */ = {
			isa = PBXTargetDependency;
			target = 2C45086B1C252E4500361758 /* NewMingCodeLibrary */;
			targetProxy = 2C4508911C252E4500361758 /* PBXContainerItemProxy */;
		};
/* End PBXTargetDependency section */

/* Begin PBXVariantGroup section */
		2C4508781C252E4500361758 /* Main.storyboard */ = {
			isa = PBXVariantGroup;
			children = (
				2C4508791C252E4500361758 /* Base */,
			);
			name = Main.storyboard;
			sourceTree = "<group>";
		};
		2C45087D1C252E4500361758 /* LaunchScreen.storyboard */ = {
			isa = PBXVariantGroup;
			children = (
				2C45087E1C252E4500361758 /* Base */,
			);
			name = LaunchScreen.storyboard;
			sourceTree = "<group>";
		};
/* End PBXVariantGroup section */

/* Begin XCBuildConfiguration section */
		2C4508971C252E4500361758 /* Debug */ = {
			isa = XCBuildConfiguration;
			baseConfigurationReference = 2C1738591C3F5D2D00909E53 /* NewMingCodeLibrary.debug.xcconfig */;
			buildSettings = {
				ALWAYS_SEARCH_USER_PATHS = NO;
				CLANG_CXX_LANGUAGE_STANDARD = "gnu++0x";
				CLANG_CXX_LIBRARY = "libc++";
				CLANG_ENABLE_MODULES = YES;
				CLANG_ENABLE_OBJC_ARC = YES;
				CLANG_WARN_BOOL_CONVERSION = YES;
				CLANG_WARN_CONSTANT_CONVERSION = YES;
				CLANG_WARN_DIRECT_OBJC_ISA_USAGE = YES_ERROR;
				CLANG_WARN_EMPTY_BODY = YES;
				CLANG_WARN_ENUM_CONVERSION = YES;
				CLANG_WARN_INT_CONVERSION = YES;
				CLANG_WARN_OBJC_ROOT_CLASS = YES_ERROR;
				CLANG_WARN_UNREACHABLE_CODE = YES;
				CLANG_WARN__DUPLICATE_METHOD_MATCH = YES;
				"CODE_SIGN_IDENTITY[sdk=iphoneos*]" = "iPhone Developer";
				COPY_PHASE_STRIP = NO;
				DEBUG_INFORMATION_FORMAT = dwarf;
				ENABLE_STRICT_OBJC_MSGSEND = YES;
				ENABLE_TESTABILITY = YES;
				GCC_C_LANGUAGE_STANDARD = gnu99;
				GCC_DYNAMIC_NO_PIC = NO;
				GCC_NO_COMMON_BLOCKS = YES;
				GCC_OPTIMIZATION_LEVEL = 0;
				GCC_PREPROCESSOR_DEFINITIONS = (
					"DEBUG=1",
					"$(inherited)",
				);
				GCC_WARN_64_TO_32_BIT_CONVERSION = YES;
				GCC_WARN_ABOUT_RETURN_TYPE = YES_ERROR;
				GCC_WARN_UNDECLARED_SELECTOR = YES;
				GCC_WARN_UNINITIALIZED_AUTOS = YES_AGGRESSIVE;
				GCC_WARN_UNUSED_FUNCTION = YES;
				GCC_WARN_UNUSED_VARIABLE = YES;
				IPHONEOS_DEPLOYMENT_TARGET = 9.2;
				MTL_ENABLE_DEBUG_INFO = YES;
				ONLY_ACTIVE_ARCH = YES;
				SDKROOT = iphoneos;
				TARGETED_DEVICE_FAMILY = "1,2";
			};
			name = Debug;
		};
		2C4508981C252E4500361758 /* Release */ = {
			isa = XCBuildConfiguration;
			buildSettings = {
				ALWAYS_SEARCH_USER_PATHS = NO;
				CLANG_CXX_LANGUAGE_STANDARD = "gnu++0x";
				CLANG_CXX_LIBRARY = "libc++";
				CLANG_ENABLE_MODULES = YES;
				CLANG_ENABLE_OBJC_ARC = YES;
				CLANG_WARN_BOOL_CONVERSION = YES;
				CLANG_WARN_CONSTANT_CONVERSION = YES;
				CLANG_WARN_DIRECT_OBJC_ISA_USAGE = YES_ERROR;
				CLANG_WARN_EMPTY_BODY = YES;
				CLANG_WARN_ENUM_CONVERSION = YES;
				CLANG_WARN_INT_CONVERSION = YES;
				CLANG_WARN_OBJC_ROOT_CLASS = YES_ERROR;
				CLANG_WARN_UNREACHABLE_CODE = YES;
				CLANG_WARN__DUPLICATE_METHOD_MATCH = YES;
				"CODE_SIGN_IDENTITY[sdk=iphoneos*]" = "iPhone Developer";
				COPY_PHASE_STRIP = NO;
				DEBUG_INFORMATION_FORMAT = "dwarf-with-dsym";
				ENABLE_NS_ASSERTIONS = NO;
				ENABLE_STRICT_OBJC_MSGSEND = YES;
				GCC_C_LANGUAGE_STANDARD = gnu99;
				GCC_NO_COMMON_BLOCKS = YES;
				GCC_WARN_64_TO_32_BIT_CONVERSION = YES;
				GCC_WARN_ABOUT_RETURN_TYPE = YES_ERROR;
				GCC_WARN_UNDECLARED_SELECTOR = YES;
				GCC_WARN_UNINITIALIZED_AUTOS = YES_AGGRESSIVE;
				GCC_WARN_UNUSED_FUNCTION = YES;
				GCC_WARN_UNUSED_VARIABLE = YES;
				IPHONEOS_DEPLOYMENT_TARGET = 9.2;
				MTL_ENABLE_DEBUG_INFO = NO;
				SDKROOT = iphoneos;
				TARGETED_DEVICE_FAMILY = "1,2";
				VALIDATE_PRODUCT = YES;
			};
			name = Release;
		};
		2C45089A1C252E4500361758 /* Debug */ = {
			isa = XCBuildConfiguration;
			buildSettings = {
				ASSETCATALOG_COMPILER_APPICON_NAME = AppIcon;
				INFOPLIST_FILE = NewMingCodeLibrary/Info.plist;
				LD_RUNPATH_SEARCH_PATHS = "$(inherited) @executable_path/Frameworks";
				PRODUCT_BUNDLE_IDENTIFIER = net.gzligo.NewMingCodeLibrary;
				PRODUCT_NAME = "$(TARGET_NAME)";
			};
			name = Debug;
		};
		2C45089B1C252E4500361758 /* Release */ = {
			isa = XCBuildConfiguration;
			baseConfigurationReference = 2C17385A1C3F5D3D00909E53 /* NewMingCodeLibrary.release.xcconfig */;
			buildSettings = {
				ASSETCATALOG_COMPILER_APPICON_NAME = AppIcon;
				INFOPLIST_FILE = NewMingCodeLibrary/Info.plist;
				LD_RUNPATH_SEARCH_PATHS = "$(inherited) @executable_path/Frameworks";
				PRODUCT_BUNDLE_IDENTIFIER = net.gzligo.NewMingCodeLibrary;
				PRODUCT_NAME = "$(TARGET_NAME)";
			};
			name = Release;
		};
		2C45089D1C252E4500361758 /* Debug */ = {
			isa = XCBuildConfiguration;
			buildSettings = {
				BUNDLE_LOADER = "$(TEST_HOST)";
				INFOPLIST_FILE = NewMingCodeLibraryTests/Info.plist;
				LD_RUNPATH_SEARCH_PATHS = "$(inherited) @executable_path/Frameworks @loader_path/Frameworks";
				PRODUCT_BUNDLE_IDENTIFIER = net.gzligo.NewMingCodeLibraryTests;
				PRODUCT_NAME = "$(TARGET_NAME)";
				TEST_HOST = "$(BUILT_PRODUCTS_DIR)/NewMingCodeLibrary.app/NewMingCodeLibrary";
			};
			name = Debug;
		};
		2C45089E1C252E4500361758 /* Release */ = {
			isa = XCBuildConfiguration;
			buildSettings = {
				BUNDLE_LOADER = "$(TEST_HOST)";
				INFOPLIST_FILE = NewMingCodeLibraryTests/Info.plist;
				LD_RUNPATH_SEARCH_PATHS = "$(inherited) @executable_path/Frameworks @loader_path/Frameworks";
				PRODUCT_BUNDLE_IDENTIFIER = net.gzligo.NewMingCodeLibraryTests;
				PRODUCT_NAME = "$(TARGET_NAME)";
				TEST_HOST = "$(BUILT_PRODUCTS_DIR)/NewMingCodeLibrary.app/NewMingCodeLibrary";
			};
			name = Release;
		};
		2C4508A01C252E4500361758 /* Debug */ = {
			isa = XCBuildConfiguration;
			buildSettings = {
				INFOPLIST_FILE = NewMingCodeLibraryUITests/Info.plist;
				LD_RUNPATH_SEARCH_PATHS = "$(inherited) @executable_path/Frameworks @loader_path/Frameworks";
				PRODUCT_BUNDLE_IDENTIFIER = net.gzligo.NewMingCodeLibraryUITests;
				PRODUCT_NAME = "$(TARGET_NAME)";
				TEST_TARGET_NAME = NewMingCodeLibrary;
				USES_XCTRUNNER = YES;
			};
			name = Debug;
		};
		2C4508A11C252E4500361758 /* Release */ = {
			isa = XCBuildConfiguration;
			buildSettings = {
				INFOPLIST_FILE = NewMingCodeLibraryUITests/Info.plist;
				LD_RUNPATH_SEARCH_PATHS = "$(inherited) @executable_path/Frameworks @loader_path/Frameworks";
				PRODUCT_BUNDLE_IDENTIFIER = net.gzligo.NewMingCodeLibraryUITests;
				PRODUCT_NAME = "$(TARGET_NAME)";
				TEST_TARGET_NAME = NewMingCodeLibrary;
				USES_XCTRUNNER = YES;
			};
			name = Release;
		};
/* End XCBuildConfiguration section */

/* Begin XCConfigurationList section */
		2C4508671C252E4500361758 /* Build configuration list for PBXProject "NewMingCodeLibrary" */ = {
			isa = XCConfigurationList;
			buildConfigurations = (
				2C4508971C252E4500361758 /* Debug */,
				2C4508981C252E4500361758 /* Release */,
			);
			defaultConfigurationIsVisible = 0;
			defaultConfigurationName = Release;
		};
		2C4508991C252E4500361758 /* Build configuration list for PBXNativeTarget "NewMingCodeLibrary" */ = {
			isa = XCConfigurationList;
			buildConfigurations = (
				2C45089A1C252E4500361758 /* Debug */,
				2C45089B1C252E4500361758 /* Release */,
			);
			defaultConfigurationIsVisible = 0;
			defaultConfigurationName = Release;
		};
		2C45089C1C252E4500361758 /* Build configuration list for PBXNativeTarget "NewMingCodeLibraryTests" */ = {
			isa = XCConfigurationList;
			buildConfigurations = (
				2C45089D1C252E4500361758 /* Debug */,
				2C45089E1C252E4500361758 /* Release */,
			);
			defaultConfigurationIsVisible = 0;
			defaultConfigurationName = Release;
		};
		2C45089F1C252E4500361758 /* Build configuration list for PBXNativeTarget "NewMingCodeLibraryUITests" */ = {
			isa = XCConfigurationList;
			buildConfigurations = (
				2C4508A01C252E4500361758 /* Debug */,
				2C4508A11C252E4500361758 /* Release */,
			);
			defaultConfigurationIsVisible = 0;
			defaultConfigurationName = Release;
		};
/* End XCConfigurationList section */
	};
	rootObject = 2C4508641C252E4500361758 /* Project object */;
}
